
Microsoft Visual Studio Solution File, Format Version 12.00
# Visual Studio Version 16
VisualStudioVersion = 16.0.32407.337
MinimumVisualStudioVersion = 10.0.40219.1
Project("{FAE04EC0-301F-11D3-BF4B-00C04F79EFBC}") = "Avaliacao", "Avaliacao\Avaliacao.csproj", "{C839E4BD-3DDF-430A-9A63-93DAEE0F41C4}"
EndProject
Global
	GlobalSection(SolutionConfigurationPlatforms) = preSolution
		Debug|Any CPU = Debug|Any CPU
		Release|Any CPU = Release|Any CPU
	EndGlobalSection
	GlobalSection(ProjectConfigurationPlatforms) = postSolution
		{C839E4BD-3DDF-430A-9A63-93DAEE0F41C4}.Debug|Any CPU.ActiveCfg = Debug|Any CPU
		{C839E4BD-3DDF-430A-9A63-93DAEE0F41C4}.Debug|Any CPU.Build.0 = Debug|Any CPU
		{C839E4BD-3DDF-430A-9A63-93DAEE0F41C4}.Release|Any CPU.ActiveCfg = Release|Any CPU
		{C839E4BD-3DDF-430A-9A63-93DAEE0F41C4}.Release|Any CPU.Build.0 = Release|Any CPU
	EndGlobalSection
	GlobalSection(SolutionProperties) = preSolution
		HideSolutionNode = FALSE
	EndGlobalSection
	GlobalSection(ExtensibilityGlobals) = postSolution
		SolutionGuid = {F8E312FB-A5A4-4AC5-9BCD-9AE0963A74EA}
	EndGlobalSection
EndGlobal
