
Microsoft Visual Studio Solution File, Format Version 12.00
# Visual Studio Version 16
VisualStudioVersion = 16.0.32407.337
MinimumVisualStudioVersion = 10.0.40219.1
Project("{FAE04EC0-301F-11D3-BF4B-00C04F79EFBC}") = "TreinandoVerbos", "TreinandoVerbos\TreinandoVerbos.csproj", "{A5EF4526-F25B-4F8E-B1BC-2A138506395F}"
EndProject
Global
	GlobalSection(SolutionConfigurationPlatforms) = preSolution
		Debug|Any CPU = Debug|Any CPU
		Release|Any CPU = Release|Any CPU
	EndGlobalSection
	GlobalSection(ProjectConfigurationPlatforms) = postSolution
		{A5EF4526-F25B-4F8E-B1BC-2A138506395F}.Debug|Any CPU.ActiveCfg = Debug|Any CPU
		{A5EF4526-F25B-4F8E-B1BC-2A138506395F}.Debug|Any CPU.Build.0 = Debug|Any CPU
		{A5EF4526-F25B-4F8E-B1BC-2A138506395F}.Release|Any CPU.ActiveCfg = Release|Any CPU
		{A5EF4526-F25B-4F8E-B1BC-2A138506395F}.Release|Any CPU.Build.0 = Release|Any CPU
	EndGlobalSection
	GlobalSection(SolutionProperties) = preSolution
		HideSolutionNode = FALSE
	EndGlobalSection
	GlobalSection(ExtensibilityGlobals) = postSolution
		SolutionGuid = {626B469D-3C4A-47B3-B6FB-0CCDBF239AA1}
	EndGlobalSection
EndGlobal
