
Microsoft Visual Studio Solution File, Format Version 12.00
# Visual Studio Version 16
VisualStudioVersion = 16.0.32407.337
MinimumVisualStudioVersion = 10.0.40219.1
Project("{FAE04EC0-301F-11D3-BF4B-00C04F79EFBC}") = "Exercício_POO", "Exercício_POO\Exercício_POO.csproj", "{DCB9807A-179A-4DA2-8105-42945B696DC4}"
EndProject
Global
	GlobalSection(SolutionConfigurationPlatforms) = preSolution
		Debug|Any CPU = Debug|Any CPU
		Release|Any CPU = Release|Any CPU
	EndGlobalSection
	GlobalSection(ProjectConfigurationPlatforms) = postSolution
		{DCB9807A-179A-4DA2-8105-42945B696DC4}.Debug|Any CPU.ActiveCfg = Debug|Any CPU
		{DCB9807A-179A-4DA2-8105-42945B696DC4}.Debug|Any CPU.Build.0 = Debug|Any CPU
		{DCB9807A-179A-4DA2-8105-42945B696DC4}.Release|Any CPU.ActiveCfg = Release|Any CPU
		{DCB9807A-179A-4DA2-8105-42945B696DC4}.Release|Any CPU.Build.0 = Release|Any CPU
	EndGlobalSection
	GlobalSection(SolutionProperties) = preSolution
		HideSolutionNode = FALSE
	EndGlobalSection
	GlobalSection(ExtensibilityGlobals) = postSolution
		SolutionGuid = {1E1222FE-0A2C-4438-982D-6976722F8F6D}
	EndGlobalSection
EndGlobal
